
Microsoft Visual Studio Solution File, Format Version 12.00
# Visual Studio 15
VisualStudioVersion = 15.0.28307.757
MinimumVisualStudioVersion = 10.0.40219.1
Project("{FAE04EC0-301F-11D3-BF4B-00C04F79EFBC}") = "innfact", "innfact\innfact.csproj", "{308BE1C4-54CE-44B9-B8FD-B353A085CF07}"
EndProject
Global
	GlobalSection(SolutionConfigurationPlatforms) = preSolution
		Debug|Any CPU = Debug|Any CPU
		Release|Any CPU = Release|Any CPU
	EndGlobalSection
	GlobalSection(ProjectConfigurationPlatforms) = postSolution
		{308BE1C4-54CE-44B9-B8FD-B353A085CF07}.Debug|Any CPU.ActiveCfg = Debug|Any CPU
		{308BE1C4-54CE-44B9-B8FD-B353A085CF07}.Debug|Any CPU.Build.0 = Debug|Any CPU
		{308BE1C4-54CE-44B9-B8FD-B353A085CF07}.Release|Any CPU.ActiveCfg = Release|Any CPU
		{308BE1C4-54CE-44B9-B8FD-B353A085CF07}.Release|Any CPU.Build.0 = Release|Any CPU
	EndGlobalSection
	GlobalSection(SolutionProperties) = preSolution
		HideSolutionNode = FALSE
	EndGlobalSection
	GlobalSection(ExtensibilityGlobals) = postSolution
		SolutionGuid = {84AF5D22-608C-45F8-92E1-3744A10CF397}
	EndGlobalSection
EndGlobal
